
Microsoft Visual Studio Solution File, Format Version 12.00
# Visual Studio 15
VisualStudioVersion = 15.0.26430.6
MinimumVisualStudioVersion = 10.0.40219.1
Project("{FAE04EC0-301F-11D3-BF4B-00C04F79EFBC}") = "CS.Hardware", "CS.Hardware\CS.Hardware.csproj", "{19C2F0AF-54E3-4D9A-ABF0-A6234E271146}"
EndProject
Project("{FAE04EC0-301F-11D3-BF4B-00C04F79EFBC}") = "CS.Hardware.Tests", "CS.Hardware.Tests\CS.Hardware.Tests.csproj", "{DBC22B1E-ECED-4598-A5E7-A5E5C2A1E85C}"
EndProject
Project("{2150E333-8FDC-42A3-9474-1A3956D46DE8}") = "Hardware", "Hardware", "{7CD4727A-C1F5-4F9F-AF74-DF30DBE30DAF}"
EndProject
Project("{2150E333-8FDC-42A3-9474-1A3956D46DE8}") = "Assembler", "Assembler", "{4DDF68CE-8039-40C8-A395-C2DB07C96649}"
EndProject
Project("{FAE04EC0-301F-11D3-BF4B-00C04F79EFBC}") = "CS.Assembler", "CS.Assembler\CS.Assembler.csproj", "{505702AA-B928-49EE-A6D4-CD32A2F27011}"
EndProject
Project("{FAE04EC0-301F-11D3-BF4B-00C04F79EFBC}") = "CS.Assembler.App", "CS.Assembler.Console\CS.Assembler.App.csproj", "{2C66AABD-6895-413F-BCFE-EA45C1C4C4A4}"
EndProject
Project("{FAE04EC0-301F-11D3-BF4B-00C04F79EFBC}") = "CS.Assembler.Tests", "CS.Assembler.Tests\CS.Assembler.Tests.csproj", "{7C8A5697-9A51-4F7C-86FF-A24D95CDBC32}"
EndProject
Project("{2150E333-8FDC-42A3-9474-1A3956D46DE8}") = "Architecture", "Architecture", "{FA2A2301-C687-40D2-9A5E-A16F4DF9ECBD}"
EndProject
Project("{FAE04EC0-301F-11D3-BF4B-00C04F79EFBC}") = "CS.Architecture", "CS.Architecture\CS.Architecture.csproj", "{915ABB69-180F-4FE5-8FB6-8CDD01E9AE74}"
EndProject
Project("{FAE04EC0-301F-11D3-BF4B-00C04F79EFBC}") = "CS.Architecture.Tests", "CS.Architecture.Tests\CS.Architecture.Tests.csproj", "{F194C55F-6977-46F4-B6A0-F3EEA7A71EBB}"
EndProject
Project("{FAE04EC0-301F-11D3-BF4B-00C04F79EFBC}") = "CS.Architecture.App", "CS.Architecture.App\CS.Architecture.App.csproj", "{6A6DADD0-67BE-4276-A0CB-5115882DF92A}"
EndProject
Global
	GlobalSection(SolutionConfigurationPlatforms) = preSolution
		Debug|Any CPU = Debug|Any CPU
		Release|Any CPU = Release|Any CPU
	EndGlobalSection
	GlobalSection(ProjectConfigurationPlatforms) = postSolution
		{19C2F0AF-54E3-4D9A-ABF0-A6234E271146}.Debug|Any CPU.ActiveCfg = Debug|Any CPU
		{19C2F0AF-54E3-4D9A-ABF0-A6234E271146}.Debug|Any CPU.Build.0 = Debug|Any CPU
		{19C2F0AF-54E3-4D9A-ABF0-A6234E271146}.Release|Any CPU.ActiveCfg = Release|Any CPU
		{19C2F0AF-54E3-4D9A-ABF0-A6234E271146}.Release|Any CPU.Build.0 = Release|Any CPU
		{DBC22B1E-ECED-4598-A5E7-A5E5C2A1E85C}.Debug|Any CPU.ActiveCfg = Debug|Any CPU
		{DBC22B1E-ECED-4598-A5E7-A5E5C2A1E85C}.Debug|Any CPU.Build.0 = Debug|Any CPU
		{DBC22B1E-ECED-4598-A5E7-A5E5C2A1E85C}.Release|Any CPU.ActiveCfg = Release|Any CPU
		{DBC22B1E-ECED-4598-A5E7-A5E5C2A1E85C}.Release|Any CPU.Build.0 = Release|Any CPU
		{505702AA-B928-49EE-A6D4-CD32A2F27011}.Debug|Any CPU.ActiveCfg = Debug|Any CPU
		{505702AA-B928-49EE-A6D4-CD32A2F27011}.Debug|Any CPU.Build.0 = Debug|Any CPU
		{505702AA-B928-49EE-A6D4-CD32A2F27011}.Release|Any CPU.ActiveCfg = Release|Any CPU
		{505702AA-B928-49EE-A6D4-CD32A2F27011}.Release|Any CPU.Build.0 = Release|Any CPU
		{2C66AABD-6895-413F-BCFE-EA45C1C4C4A4}.Debug|Any CPU.ActiveCfg = Debug|Any CPU
		{2C66AABD-6895-413F-BCFE-EA45C1C4C4A4}.Debug|Any CPU.Build.0 = Debug|Any CPU
		{2C66AABD-6895-413F-BCFE-EA45C1C4C4A4}.Release|Any CPU.ActiveCfg = Release|Any CPU
		{2C66AABD-6895-413F-BCFE-EA45C1C4C4A4}.Release|Any CPU.Build.0 = Release|Any CPU
		{7C8A5697-9A51-4F7C-86FF-A24D95CDBC32}.Debug|Any CPU.ActiveCfg = Debug|Any CPU
		{7C8A5697-9A51-4F7C-86FF-A24D95CDBC32}.Debug|Any CPU.Build.0 = Debug|Any CPU
		{7C8A5697-9A51-4F7C-86FF-A24D95CDBC32}.Release|Any CPU.ActiveCfg = Release|Any CPU
		{7C8A5697-9A51-4F7C-86FF-A24D95CDBC32}.Release|Any CPU.Build.0 = Release|Any CPU
		{915ABB69-180F-4FE5-8FB6-8CDD01E9AE74}.Debug|Any CPU.ActiveCfg = Debug|Any CPU
		{915ABB69-180F-4FE5-8FB6-8CDD01E9AE74}.Debug|Any CPU.Build.0 = Debug|Any CPU
		{915ABB69-180F-4FE5-8FB6-8CDD01E9AE74}.Release|Any CPU.ActiveCfg = Release|Any CPU
		{915ABB69-180F-4FE5-8FB6-8CDD01E9AE74}.Release|Any CPU.Build.0 = Release|Any CPU
		{F194C55F-6977-46F4-B6A0-F3EEA7A71EBB}.Debug|Any CPU.ActiveCfg = Debug|Any CPU
		{F194C55F-6977-46F4-B6A0-F3EEA7A71EBB}.Debug|Any CPU.Build.0 = Debug|Any CPU
		{F194C55F-6977-46F4-B6A0-F3EEA7A71EBB}.Release|Any CPU.ActiveCfg = Release|Any CPU
		{F194C55F-6977-46F4-B6A0-F3EEA7A71EBB}.Release|Any CPU.Build.0 = Release|Any CPU
		{6A6DADD0-67BE-4276-A0CB-5115882DF92A}.Debug|Any CPU.ActiveCfg = Debug|Any CPU
		{6A6DADD0-67BE-4276-A0CB-5115882DF92A}.Debug|Any CPU.Build.0 = Debug|Any CPU
		{6A6DADD0-67BE-4276-A0CB-5115882DF92A}.Release|Any CPU.ActiveCfg = Release|Any CPU
		{6A6DADD0-67BE-4276-A0CB-5115882DF92A}.Release|Any CPU.Build.0 = Release|Any CPU
	EndGlobalSection
	GlobalSection(SolutionProperties) = preSolution
		HideSolutionNode = FALSE
	EndGlobalSection
	GlobalSection(NestedProjects) = preSolution
		{19C2F0AF-54E3-4D9A-ABF0-A6234E271146} = {7CD4727A-C1F5-4F9F-AF74-DF30DBE30DAF}
		{DBC22B1E-ECED-4598-A5E7-A5E5C2A1E85C} = {7CD4727A-C1F5-4F9F-AF74-DF30DBE30DAF}
		{505702AA-B928-49EE-A6D4-CD32A2F27011} = {4DDF68CE-8039-40C8-A395-C2DB07C96649}
		{2C66AABD-6895-413F-BCFE-EA45C1C4C4A4} = {4DDF68CE-8039-40C8-A395-C2DB07C96649}
		{7C8A5697-9A51-4F7C-86FF-A24D95CDBC32} = {4DDF68CE-8039-40C8-A395-C2DB07C96649}
		{915ABB69-180F-4FE5-8FB6-8CDD01E9AE74} = {FA2A2301-C687-40D2-9A5E-A16F4DF9ECBD}
		{F194C55F-6977-46F4-B6A0-F3EEA7A71EBB} = {FA2A2301-C687-40D2-9A5E-A16F4DF9ECBD}
		{6A6DADD0-67BE-4276-A0CB-5115882DF92A} = {FA2A2301-C687-40D2-9A5E-A16F4DF9ECBD}
	EndGlobalSection
EndGlobal
